<?xml version="1.0" encoding="UTF-8" standalone="yes" ?>
<CodeBlocks_project_file>
	<FileVersion major="1" minor="6" />
	<Project>
		<Option title="HighRiseDev" />
		<Option pch_mode="2" />
		<Option compiler="gcc" />
		<Build>
			<Target title="Debug Win32">
				<Option output="HighRise" prefix_auto="1" extension_auto="1" />
				<Option object_output="Debug Win32" />
				<Option type="1" />
				<Option compiler="gcc" />
				<Compiler>
					<Add option="-DWIN32" />
					<Add option="-D_DEBUG" />
					<Add option="-D_CONSOLE" />
					<Add option="-W" />
					<Add option="-g" />
					<Add option="-O0" />
					<Add directory="F:\Dev\VC++\SFML-1.5\include" />
				</Compiler>
				<ResourceCompiler>
					<Add directory="F:\Dev\VC++\SFML-1.5\include" />
				</ResourceCompiler>
				<Linker>
					<Add library="sfml-Graphics-d" />
					<Add library="sfml-System-d" />
					<Add library="sfml-Window-d" />
					<Add directory="F:\Dev\VC++\SFML-1.5\lib\vc2005" />
				</Linker>
			</Target>
			<Target title="Release Win32">
				<Option output="HighRise" prefix_auto="1" extension_auto="1" />
				<Option object_output="Release Win32" />
				<Option type="1" />
				<Option compiler="gcc" />
				<Compiler>
					<Add option="-W" />
					<Add option="-DWIN32" />
					<Add option="-DNDEBUG" />
					<Add option="-D_CONSOLE" />
				</Compiler>
				<Linker>
					<Add library="sfml-graphics" />
					<Add library="sfml-window" />
					<Add library="sfml-system" />
					<Add library="OpenGL32" />
					<Add library="Glu32" />
					<Add library="CEGUIBase" />
					<Add library="CEGUIOpenGLRenderer" />
				</Linker>
			</Target>
			<Target title="Linux-dbg">
				<Option platforms="Unix;Mac;" />
				<Option output="highrise" prefix_auto="1" extension_auto="1" />
				<Option type="1" />
				<Option compiler="gcc" />
				<Compiler>
					<Add option="-Wall" />
					<Add option="-g" />
					<Add option="-DTIXML_USE_STL_ASDHSADLK" />
				</Compiler>
				<Linker>
					<Add library="sfml-graphics" />
					<Add library="sfml-system" />
					<Add library="sfml-window" />
					<Add library="GL" />
					<Add library="GLU" />
					<Add library="libCEGUIBase" />
					<Add library="libCEGUIOpenGLRenderer" />
				</Linker>
			</Target>
		</Build>
		<Unit filename="AI\CitizensAgent.cpp" />
		<Unit filename="AI\CitizensAgent.h" />
		<Unit filename="AI\FloorAgent.cpp" />
		<Unit filename="AI\FloorAgent.h" />
		<Unit filename="AI\PathAgent.cpp" />
		<Unit filename="AI\PathAgent.h" />
		<Unit filename="Graphics\Animation.cpp" />
		<Unit filename="Graphics\Animation.h" />
		<Unit filename="Graphics\AnimationBase.cpp" />
		<Unit filename="Graphics\Camera.cpp" />
		<Unit filename="Graphics\Camera.h" />
		<Unit filename="Graphics\ErrorImage.cpp" />
		<Unit filename="Graphics\ErrorImage.h" />
		<Unit filename="Graphics\FireAnimation.cpp" />
		<Unit filename="Graphics\FireAnimation.h" />
		<Unit filename="Graphics\Image.cpp" />
		<Unit filename="Graphics\Image.h" />
		<Unit filename="Graphics\ModelObject.cpp" />
		<Unit filename="Graphics\ModelObject.h" />
		<Unit filename="Graphics\Texture.cpp" />
		<Unit filename="Graphics\Texture.h" />
		<Unit filename="Graphics\Tiler.cpp" />
		<Unit filename="Graphics\Tiler.h" />
		<Unit filename="Graphics\ViewObject.cpp" />
		<Unit filename="Graphics\ViewObject.h" />
		<Unit filename="HighRiseDev.cpp" />
		<Unit filename="HighRiseDev.h" />
		<Unit filename="People\Citizens.cpp" />
		<Unit filename="People\Citizens.h" />
		<Unit filename="People\Person.cpp" />
		<Unit filename="People\Person.h" />
		<Unit filename="Root\GameManager.cpp" />
		<Unit filename="Root\GameManager.h" />
		<Unit filename="Root\HighRiseException.cpp" />
		<Unit filename="Root\HighRiseException.h" />
		<Unit filename="Root\Physics.cpp" />
		<Unit filename="Root\Physics.h" />
		<Unit filename="Root\RouteVisitor.cpp" />
		<Unit filename="Root\RouteVisitor.h" />
		<Unit filename="Root\SceneEvent.cpp" />
		<Unit filename="Root\SceneEvent.h" />
		<Unit filename="Root\SerializerBase.h" />
		<Unit filename="Root\XMLSerializer.cpp" />
		<Unit filename="Root\XMLSerializer.h" />
		<Unit filename="Scene\Background.cpp" />
		<Unit filename="Scene\Background.h" />
		<Unit filename="Scene\Scene.cpp" />
		<Unit filename="Scene\Scene.h" />
		<Unit filename="Settings\Settings.cpp" />
		<Unit filename="Settings\Settings.h" />
		<Unit filename="Tower\Apartment.cpp" />
		<Unit filename="Tower\Apartment.h" />
		<Unit filename="Tower\BuildStrategies.cpp" />
		<Unit filename="Tower\BuildStrategies.h" />
		<Unit filename="Tower\Condo.cpp" />
		<Unit filename="Tower\Condo.h" />
		<Unit filename="Tower\Damage.cpp" />
		<Unit filename="Tower\Damage.h" />
		<Unit filename="Tower\Elevator.cpp" />
		<Unit filename="Tower\Elevator.h" />
		<Unit filename="Tower\ElevatorBase.cpp" />
		<Unit filename="Tower\ElevatorBase.h" />
		<Unit filename="Tower\ElevatorMachine.cpp" />
		<Unit filename="Tower\ElevatorMachine.h" />
		<Unit filename="Tower\ElevatorPit.cpp" />
		<Unit filename="Tower\ElevatorPit.h" />
		<Unit filename="Tower\ElevatorShaft.cpp" />
		<Unit filename="Tower\ElevatorShaft.h" />
		<Unit filename="Tower\FloorBase.cpp" />
		<Unit filename="Tower\FloorBase.h" />
		<Unit filename="Tower\HotelRoom.cpp" />
		<Unit filename="Tower\HotelRoom.h" />
		<Unit filename="Tower\Level.cpp" />
		<Unit filename="Tower\Level.h" />
		<Unit filename="Tower\Lobby.cpp" />
		<Unit filename="Tower\Lobby.h" />
		<Unit filename="Tower\MedicalClinic.cpp" />
		<Unit filename="Tower\MedicalClinic.h" />
		<Unit filename="Tower\Office.cpp" />
		<Unit filename="Tower\Office.h" />
		<Unit filename="Tower\PersonQueue.cpp" />
		<Unit filename="Tower\PersonQueue.h" />
		<Unit filename="Tower\RetailShop.cpp" />
		<Unit filename="Tower\RetailShop.h" />
		<Unit filename="Tower\RouteBase.h" />
		<Unit filename="Tower\Routes.cpp" />
		<Unit filename="Tower\Routes.h" />
		<Unit filename="Tower\Security.cpp" />
		<Unit filename="Tower\Security.h" />
		<Unit filename="Tower\ServiceCenter.cpp" />
		<Unit filename="Tower\ServiceCenter.h" />
		<Unit filename="Tower\SingleStair" />
		<Unit filename="Tower\SingleStair.cpp" />
		<Unit filename="Tower\Tower.cpp" />
		<Unit filename="Tower\Tower.h" />
		<Unit filename="Tower\TowerDebug.cpp" />
		<Unit filename="Tower\TowerLoad.cpp" />
		<Unit filename="Tower\TowerLoad.h" />
		<Unit filename="Tower\WasteManagement.cpp" />
		<Unit filename="Tower\WasteManagement.h" />
		<Unit filename="Types\Rect.h" />
		<Unit filename="Types\String.cpp" />
		<Unit filename="Types\String.h" />
		<Unit filename="Types\Vector2.h" />
		<Unit filename="Types\Vector3.h" />
		<Unit filename="Window\CEGUI.h" />
		<Unit filename="Window\Clock.cpp" />
		<Unit filename="Window\Clock.h" />
		<Unit filename="Window\Event.cpp" />
		<Unit filename="Window\Event.h" />
		<Unit filename="Window\GUIManager.cpp" />
		<Unit filename="Window\GUIManager.h" />
		<Unit filename="Window\Interface.cpp" />
		<Unit filename="Window\Interface.h" />
		<Unit filename="Window\Stats.cpp" />
		<Unit filename="Window\Stats.h" />
		<Unit filename="Window\TODO" />
		<Unit filename="xml\tinyxml\tinystr.cpp" />
		<Unit filename="xml\tinyxml\tinystr.h" />
		<Unit filename="xml\tinyxml\tinyxml.cpp" />
		<Unit filename="xml\tinyxml\tinyxml.h" />
		<Unit filename="xml\tinyxml\tinyxmlerror.cpp" />
		<Unit filename="xml\tinyxml\tinyxmlparser.cpp" />
		<Unit filename="xml\tinyxml\xmltest.cpp" />
		<Extensions>
			<code_completion />
			<envvars />
			<debugger />
			<lib_finder disable_auto="1" />
		</Extensions>
	</Project>
</CodeBlocks_project_file>
